<?xml version="1.0" encoding="utf-8"?>
<Project ToolsVersion="4.0" xmlns="http://schemas.microsoft.com/developer/msbuild/2003">
  <ItemGroup>
    <Filter Include="Quelldateien">
      <UniqueIdentifier>{4FC737F1-C7A5-4376-A066-2A32D752A2FF}</UniqueIdentifier>
      <Extensions>cpp;c;cc;cxx;def;odl;idl;hpj;bat;asm;asmx</Extensions>
    </Filter>
    <Filter Include="Headerdateien">
      <UniqueIdentifier>{93995380-89BD-4b04-88EB-625FBE52EBFB}</UniqueIdentifier>
      <Extensions>h;hh;hpp;hxx;hm;inl;inc;xsd</Extensions>
    </Filter>
    <Filter Include="Ressourcendateien">
      <UniqueIdentifier>{67DA6AB6-F800-4c08-8B7A-83BB121AAD01}</UniqueIdentifier>
      <Extensions>rc;ico;cur;bmp;dlg;rc2;rct;bin;rgs;gif;jpg;jpeg;jpe;resx;tiff;tif;png;wav;mfcribbon-ms</Extensions>
    </Filter>
  </ItemGroup>
  <ItemGroup>
    <ClCompile Include="EasyBMP.cpp">
      <Filter>Quelldateien</Filter>
    </ClCompile>
    <ClCompile Include="MainFrame.cpp">
      <Filter>Quelldateien</Filter>
    </ClCompile>
    <ClCompile Include="Convert.cpp">
      <Filter>Quelldateien</Filter>
    </ClCompile>
    <ClCompile Include="HSVPixel.cpp">
      <Filter>Quelldateien</Filter>
    </ClCompile>
    <ClCompile Include="ChangeHSVValue.cpp">
      <Filter>Quelldateien</Filter>
    </ClCompile>
    <ClCompile Include="ApplySobel.cpp">
      <Filter>Quelldateien</Filter>
    </ClCompile>
    <ClCompile Include="ApplyGaussFilter.cpp">
      <Filter>Quelldateien</Filter>
    </ClCompile>
    <ClCompile Include="ScaleWithNN.cpp">
      <Filter>Quelldateien</Filter>
    </ClCompile>
    <ClCompile Include="ApplyGaussRGB.cpp">
      <Filter>Quelldateien</Filter>
    </ClCompile>
    <ClCompile Include="TurnGrayScale.cpp">
      <Filter>Quelldateien</Filter>
    </ClCompile>
    <ClCompile Include="BMPScale.cpp">
      <Filter>Quelldateien</Filter>
    </ClCompile>
    <ClCompile Include="DarkenSIMD.cpp">
      <Filter>Quelldateien</Filter>
    </ClCompile>
    <ClCompile Include="AlphaBlend.cpp">
      <Filter>Quelldateien</Filter>
    </ClCompile>
    <ClCompile Include="CalculateNegative.cpp">
      <Filter>Quelldateien</Filter>
    </ClCompile>
    <ClCompile Include="AboutForm.cpp">
      <Filter>Quelldateien</Filter>
    </ClCompile>
    <ClCompile Include="DarkerForm.cpp">
      <Filter>Quelldateien</Filter>
    </ClCompile>
    <ClCompile Include="Utilities.cpp">
      <Filter>Quelldateien</Filter>
    </ClCompile>
    <ClCompile Include="BMPClosePrompt.cpp">
      <Filter>Quelldateien</Filter>
    </ClCompile>
  </ItemGroup>
  <ItemGroup>
    <ClInclude Include="EasyBMP.h">
      <Filter>Headerdateien</Filter>
    </ClInclude>
    <ClInclude Include="EasyBMP_BMP.h">
      <Filter>Headerdateien</Filter>
    </ClInclude>
    <ClInclude Include="EasyBMP_DataStructures.h">
      <Filter>Headerdateien</Filter>
    </ClInclude>
    <ClInclude Include="EasyBMP_VariousBMPutilities.h">
      <Filter>Headerdateien</Filter>
    </ClInclude>
    <ClInclude Include="MainFrame.h">
      <Filter>Headerdateien</Filter>
    </ClInclude>
    <ClInclude Include="Convert.h">
      <Filter>Headerdateien</Filter>
    </ClInclude>
    <ClInclude Include="HSVPixel.h">
      <Filter>Headerdateien</Filter>
    </ClInclude>
    <ClInclude Include="ChangeHSVValue.h">
      <Filter>Headerdateien</Filter>
    </ClInclude>
    <ClInclude Include="ApplySobel.h">
      <Filter>Headerdateien</Filter>
    </ClInclude>
    <ClInclude Include="ApplyConvolutionBW.h">
      <Filter>Headerdateien</Filter>
    </ClInclude>
    <ClInclude Include="ApplyGaussFilterBW.h">
      <Filter>Headerdateien</Filter>
    </ClInclude>
    <ClInclude Include="ScaleWithNN.h">
      <Filter>Headerdateien</Filter>
    </ClInclude>
    <ClInclude Include="ApplyConvolutionRGB.h">
      <Filter>Headerdateien</Filter>
    </ClInclude>
    <ClInclude Include="ApplyGaussRGB.h">
      <Filter>Headerdateien</Filter>
    </ClInclude>
    <ClInclude Include="TurnGrayScale.h">
      <Filter>Headerdateien</Filter>
    </ClInclude>
    <ClInclude Include="BMPScale.h">
      <Filter>Headerdateien</Filter>
    </ClInclude>
    <ClInclude Include="Utilities.h">
      <Filter>Headerdateien</Filter>
    </ClInclude>
    <ClInclude Include="DarkenSIMD.h">
      <Filter>Headerdateien</Filter>
    </ClInclude>
    <ClInclude Include="AlphaBlend.h">
      <Filter>Headerdateien</Filter>
    </ClInclude>
    <ClInclude Include="CalculateNegative.h">
      <Filter>Headerdateien</Filter>
    </ClInclude>
    <ClInclude Include="AboutForm.h">
      <Filter>Headerdateien</Filter>
    </ClInclude>
    <ClInclude Include="DarkerForm.h">
      <Filter>Headerdateien</Filter>
    </ClInclude>
    <ClInclude Include="BMPClosePrompt.h">
      <Filter>Headerdateien</Filter>
    </ClInclude>
  </ItemGroup>
  <ItemGroup>
    <EmbeddedResource Include="MainFrame.resx">
      <Filter>Ressourcendateien</Filter>
    </EmbeddedResource>
    <EmbeddedResource Include="BMPScale.resx">
      <Filter>Ressourcendateien</Filter>
    </EmbeddedResource>
    <EmbeddedResource Include="AboutForm.resx">
      <Filter>Ressourcendateien</Filter>
    </EmbeddedResource>
    <EmbeddedResource Include="DarkerForm.resx">
      <Filter>Ressourcendateien</Filter>
    </EmbeddedResource>
    <EmbeddedResource Include="BMPClosePrompt.resx">
      <Filter>Ressourcendateien</Filter>
    </EmbeddedResource>
  </ItemGroup>
  <ItemGroup>
    <Image Include="Icon.ico">
      <Filter>Ressourcendateien</Filter>
    </Image>
  </ItemGroup>
</Project>